# THIS IS AN AUTOGENERATED FILE. DO NOT EDIT THIS FILE DIRECTLY.
# yarn lockfile v1


kaboom@0.5.0:
  version "0.5.0"
  resolved "https://registry.yarnpkg.com/kaboom/-/kaboom-0.5.0.tgz#8ce189315c53dfc5fc65e125bd97f85b4bd6d6a7"
  integrity sha512-d5hG7YdTSOQrc2935jD0yRlSgwB787mHC3VxCt8FZOJFD5nF3PC2OYp5xRbXGYTyxaAIGOt55jDW+VgDtO7nPQ==

typescript@^4.5.5:
  version "4.5.5"
  resolved "https://registry.yarnpkg.com/typescript/-/typescript-4.5.5.tgz#d8c953832d28924a9e3d37c73d729c846c5896f3"
  integrity sha512-TCTIul70LyWe6IJWT8QSYeA54WQe8EjQFU4wY52Fasj5UKx88LNYKCgBEHcOMOrFF1rKGbD8v/xcNWVUq9SymA==
